
Microsoft Visual Studio Solution File, Format Version 12.00
# Visual Studio Version 16
VisualStudioVersion = 16.0.29806.167
MinimumVisualStudioVersion = 10.0.40219.1
Project("{8BC9CEB8-8B4A-11D0-8D11-00A0C91BC942}") = "Basic Exceptions", "Advanced Cplusplus\Advanced Cplusplus.vcxproj", "{D102CAD1-D3F0-431E-98AC-377DDB35E992}"
EndProject
Project("{8BC9CEB8-8B4A-11D0-8D11-00A0C91BC942}") = "Standard Exceptions", "Standard Exceptions\Standard Exceptions.vcxproj", "{575EA199-331A-4E1B-99D7-0636B3913DBD}"
EndProject
Project("{8BC9CEB8-8B4A-11D0-8D11-00A0C91BC942}") = "Custom Exceptions", "Custom Exceptions\Custom Exceptions.vcxproj", "{2D1879B3-0058-4CE1-9CA5-5C414CBACBC6}"
EndProject
Project("{8BC9CEB8-8B4A-11D0-8D11-00A0C91BC942}") = "Catching Subclasses Exceptions", "Catching Subclasses Exceptions\Catching Subclasses Exceptions.vcxproj", "{87740026-25F4-48A5-AA3C-9476E7A9E40F}"
EndProject
Project("{8BC9CEB8-8B4A-11D0-8D11-00A0C91BC942}") = "Writing Text Files", "Writing Text Files\Writing Text Files.vcxproj", "{871C7563-2F3B-4653-9865-709F8EC367FA}"
EndProject
Project("{8BC9CEB8-8B4A-11D0-8D11-00A0C91BC942}") = "Reading Text Files", "Reading Text Files\Reading Text Files.vcxproj", "{C92B6219-945E-448B-9B2F-7337C1492C1B}"
EndProject
Project("{8BC9CEB8-8B4A-11D0-8D11-00A0C91BC942}") = "Parsing Text in Files", "Parsing Text in Files\Parsing Text in Files.vcxproj", "{38A6B027-2852-47C0-A9AE-8F2981FE39B8}"
EndProject
Project("{8BC9CEB8-8B4A-11D0-8D11-00A0C91BC942}") = "Binary Files", "Structs and Padding\Structs and Padding.vcxproj", "{7716C221-188B-45BE-8480-04A1BC941C54}"
EndProject
Project("{8BC9CEB8-8B4A-11D0-8D11-00A0C91BC942}") = "Vector", "Vector\Vector.vcxproj", "{416C74E4-22BA-403B-9AF4-C8519A91F380}"
EndProject
Project("{8BC9CEB8-8B4A-11D0-8D11-00A0C91BC942}") = "Vectors and Memory", "Vectors and Memory\Vectors and Memory.vcxproj", "{564040B1-B350-4AEB-9B6D-641CD0F4CE7F}"
EndProject
Project("{8BC9CEB8-8B4A-11D0-8D11-00A0C91BC942}") = "Two Dimensional Vector", "Two Dimensional Vector\Two Dimensional Vector.vcxproj", "{BBA061B4-A610-4FBD-99E3-04B341DABF70}"
EndProject
Project("{8BC9CEB8-8B4A-11D0-8D11-00A0C91BC942}") = "Lists", "Lists\Lists.vcxproj", "{20ED87E5-D473-4854-92C2-CDDAE78DD2EB}"
EndProject
Project("{8BC9CEB8-8B4A-11D0-8D11-00A0C91BC942}") = "Maps", "Maps\Maps.vcxproj", "{E6F2215E-3FA5-4E0F-AAEB-ED1AF4A9FDAA}"
EndProject
Project("{8BC9CEB8-8B4A-11D0-8D11-00A0C91BC942}") = "Custon Objects as Map Values", "Custon Objects as Map Values\Custon Objects as Map Values.vcxproj", "{981E9896-D1BA-42BA-947D-29636AAC363F}"
EndProject
Project("{8BC9CEB8-8B4A-11D0-8D11-00A0C91BC942}") = "Custom Objects as Map Values", "Custom Objects as Map Values\Custom Objects as Map Values.vcxproj", "{14A40631-24B6-4F43-9701-EEB5D7EAA4E0}"
EndProject
Project("{8BC9CEB8-8B4A-11D0-8D11-00A0C91BC942}") = "Multimap", "Multimap\Multimap.vcxproj", "{CEDDA8CB-F22F-46F0-8BCA-5635313E22E2}"
EndProject
Project("{8BC9CEB8-8B4A-11D0-8D11-00A0C91BC942}") = "Sets", "Sets\Sets.vcxproj", "{465CB5B5-2BA8-4B9A-BFDB-E62EF79C4D01}"
EndProject
Project("{8BC9CEB8-8B4A-11D0-8D11-00A0C91BC942}") = "Stack and Queue", "Stack and Queue\Stack and Queue.vcxproj", "{52887FF6-7EF3-4796-973B-207FE5E036ED}"
EndProject
Project("{8BC9CEB8-8B4A-11D0-8D11-00A0C91BC942}") = "Sorting Vectors", "Sorting Vectors\Sorting Vectors.vcxproj", "{E6C82B5A-79C3-4A55-8EA2-38893729A766}"
EndProject
Project("{8BC9CEB8-8B4A-11D0-8D11-00A0C91BC942}") = "STL Complex Data Types", "STL Complex Data Types\STL Complex Data Types.vcxproj", "{5BB9A0E0-8929-48B3-AC91-DB608B212F58}"
EndProject
Project("{8BC9CEB8-8B4A-11D0-8D11-00A0C91BC942}") = "Overloading the Assignment Operator", "Overloading the Assignment Operator\Overloading the Assignment Operator.vcxproj", "{84140CCF-2C6A-4264-95A4-E86F65ABF955}"
EndProject
Global
	GlobalSection(SolutionConfigurationPlatforms) = preSolution
		Debug|x64 = Debug|x64
		Debug|x86 = Debug|x86
		Release|x64 = Release|x64
		Release|x86 = Release|x86
	EndGlobalSection
	GlobalSection(ProjectConfigurationPlatforms) = postSolution
		{D102CAD1-D3F0-431E-98AC-377DDB35E992}.Debug|x64.ActiveCfg = Debug|x64
		{D102CAD1-D3F0-431E-98AC-377DDB35E992}.Debug|x64.Build.0 = Debug|x64
		{D102CAD1-D3F0-431E-98AC-377DDB35E992}.Debug|x86.ActiveCfg = Debug|Win32
		{D102CAD1-D3F0-431E-98AC-377DDB35E992}.Debug|x86.Build.0 = Debug|Win32
		{D102CAD1-D3F0-431E-98AC-377DDB35E992}.Release|x64.ActiveCfg = Release|x64
		{D102CAD1-D3F0-431E-98AC-377DDB35E992}.Release|x64.Build.0 = Release|x64
		{D102CAD1-D3F0-431E-98AC-377DDB35E992}.Release|x86.ActiveCfg = Release|Win32
		{D102CAD1-D3F0-431E-98AC-377DDB35E992}.Release|x86.Build.0 = Release|Win32
		{575EA199-331A-4E1B-99D7-0636B3913DBD}.Debug|x64.ActiveCfg = Debug|x64
		{575EA199-331A-4E1B-99D7-0636B3913DBD}.Debug|x64.Build.0 = Debug|x64
		{575EA199-331A-4E1B-99D7-0636B3913DBD}.Debug|x86.ActiveCfg = Debug|Win32
		{575EA199-331A-4E1B-99D7-0636B3913DBD}.Debug|x86.Build.0 = Debug|Win32
		{575EA199-331A-4E1B-99D7-0636B3913DBD}.Release|x64.ActiveCfg = Release|x64
		{575EA199-331A-4E1B-99D7-0636B3913DBD}.Release|x64.Build.0 = Release|x64
		{575EA199-331A-4E1B-99D7-0636B3913DBD}.Release|x86.ActiveCfg = Release|Win32
		{575EA199-331A-4E1B-99D7-0636B3913DBD}.Release|x86.Build.0 = Release|Win32
		{2D1879B3-0058-4CE1-9CA5-5C414CBACBC6}.Debug|x64.ActiveCfg = Debug|x64
		{2D1879B3-0058-4CE1-9CA5-5C414CBACBC6}.Debug|x64.Build.0 = Debug|x64
		{2D1879B3-0058-4CE1-9CA5-5C414CBACBC6}.Debug|x86.ActiveCfg = Debug|Win32
		{2D1879B3-0058-4CE1-9CA5-5C414CBACBC6}.Debug|x86.Build.0 = Debug|Win32
		{2D1879B3-0058-4CE1-9CA5-5C414CBACBC6}.Release|x64.ActiveCfg = Release|x64
		{2D1879B3-0058-4CE1-9CA5-5C414CBACBC6}.Release|x64.Build.0 = Release|x64
		{2D1879B3-0058-4CE1-9CA5-5C414CBACBC6}.Release|x86.ActiveCfg = Release|Win32
		{2D1879B3-0058-4CE1-9CA5-5C414CBACBC6}.Release|x86.Build.0 = Release|Win32
		{87740026-25F4-48A5-AA3C-9476E7A9E40F}.Debug|x64.ActiveCfg = Debug|x64
		{87740026-25F4-48A5-AA3C-9476E7A9E40F}.Debug|x64.Build.0 = Debug|x64
		{87740026-25F4-48A5-AA3C-9476E7A9E40F}.Debug|x86.ActiveCfg = Debug|Win32
		{87740026-25F4-48A5-AA3C-9476E7A9E40F}.Debug|x86.Build.0 = Debug|Win32
		{87740026-25F4-48A5-AA3C-9476E7A9E40F}.Release|x64.ActiveCfg = Release|x64
		{87740026-25F4-48A5-AA3C-9476E7A9E40F}.Release|x64.Build.0 = Release|x64
		{87740026-25F4-48A5-AA3C-9476E7A9E40F}.Release|x86.ActiveCfg = Release|Win32
		{87740026-25F4-48A5-AA3C-9476E7A9E40F}.Release|x86.Build.0 = Release|Win32
		{871C7563-2F3B-4653-9865-709F8EC367FA}.Debug|x64.ActiveCfg = Debug|x64
		{871C7563-2F3B-4653-9865-709F8EC367FA}.Debug|x64.Build.0 = Debug|x64
		{871C7563-2F3B-4653-9865-709F8EC367FA}.Debug|x86.ActiveCfg = Debug|Win32
		{871C7563-2F3B-4653-9865-709F8EC367FA}.Debug|x86.Build.0 = Debug|Win32
		{871C7563-2F3B-4653-9865-709F8EC367FA}.Release|x64.ActiveCfg = Release|x64
		{871C7563-2F3B-4653-9865-709F8EC367FA}.Release|x64.Build.0 = Release|x64
		{871C7563-2F3B-4653-9865-709F8EC367FA}.Release|x86.ActiveCfg = Release|Win32
		{871C7563-2F3B-4653-9865-709F8EC367FA}.Release|x86.Build.0 = Release|Win32
		{C92B6219-945E-448B-9B2F-7337C1492C1B}.Debug|x64.ActiveCfg = Debug|x64
		{C92B6219-945E-448B-9B2F-7337C1492C1B}.Debug|x64.Build.0 = Debug|x64
		{C92B6219-945E-448B-9B2F-7337C1492C1B}.Debug|x86.ActiveCfg = Debug|Win32
		{C92B6219-945E-448B-9B2F-7337C1492C1B}.Debug|x86.Build.0 = Debug|Win32
		{C92B6219-945E-448B-9B2F-7337C1492C1B}.Release|x64.ActiveCfg = Release|x64
		{C92B6219-945E-448B-9B2F-7337C1492C1B}.Release|x64.Build.0 = Release|x64
		{C92B6219-945E-448B-9B2F-7337C1492C1B}.Release|x86.ActiveCfg = Release|Win32
		{C92B6219-945E-448B-9B2F-7337C1492C1B}.Release|x86.Build.0 = Release|Win32
		{38A6B027-2852-47C0-A9AE-8F2981FE39B8}.Debug|x64.ActiveCfg = Debug|x64
		{38A6B027-2852-47C0-A9AE-8F2981FE39B8}.Debug|x64.Build.0 = Debug|x64
		{38A6B027-2852-47C0-A9AE-8F2981FE39B8}.Debug|x86.ActiveCfg = Debug|Win32
		{38A6B027-2852-47C0-A9AE-8F2981FE39B8}.Debug|x86.Build.0 = Debug|Win32
		{38A6B027-2852-47C0-A9AE-8F2981FE39B8}.Release|x64.ActiveCfg = Release|x64
		{38A6B027-2852-47C0-A9AE-8F2981FE39B8}.Release|x64.Build.0 = Release|x64
		{38A6B027-2852-47C0-A9AE-8F2981FE39B8}.Release|x86.ActiveCfg = Release|Win32
		{38A6B027-2852-47C0-A9AE-8F2981FE39B8}.Release|x86.Build.0 = Release|Win32
		{7716C221-188B-45BE-8480-04A1BC941C54}.Debug|x64.ActiveCfg = Debug|x64
		{7716C221-188B-45BE-8480-04A1BC941C54}.Debug|x64.Build.0 = Debug|x64
		{7716C221-188B-45BE-8480-04A1BC941C54}.Debug|x86.ActiveCfg = Debug|Win32
		{7716C221-188B-45BE-8480-04A1BC941C54}.Debug|x86.Build.0 = Debug|Win32
		{7716C221-188B-45BE-8480-04A1BC941C54}.Release|x64.ActiveCfg = Release|x64
		{7716C221-188B-45BE-8480-04A1BC941C54}.Release|x64.Build.0 = Release|x64
		{7716C221-188B-45BE-8480-04A1BC941C54}.Release|x86.ActiveCfg = Release|Win32
		{7716C221-188B-45BE-8480-04A1BC941C54}.Release|x86.Build.0 = Release|Win32
		{416C74E4-22BA-403B-9AF4-C8519A91F380}.Debug|x64.ActiveCfg = Debug|x64
		{416C74E4-22BA-403B-9AF4-C8519A91F380}.Debug|x64.Build.0 = Debug|x64
		{416C74E4-22BA-403B-9AF4-C8519A91F380}.Debug|x86.ActiveCfg = Debug|Win32
		{416C74E4-22BA-403B-9AF4-C8519A91F380}.Debug|x86.Build.0 = Debug|Win32
		{416C74E4-22BA-403B-9AF4-C8519A91F380}.Release|x64.ActiveCfg = Release|x64
		{416C74E4-22BA-403B-9AF4-C8519A91F380}.Release|x64.Build.0 = Release|x64
		{416C74E4-22BA-403B-9AF4-C8519A91F380}.Release|x86.ActiveCfg = Release|Win32
		{416C74E4-22BA-403B-9AF4-C8519A91F380}.Release|x86.Build.0 = Release|Win32
		{564040B1-B350-4AEB-9B6D-641CD0F4CE7F}.Debug|x64.ActiveCfg = Debug|x64
		{564040B1-B350-4AEB-9B6D-641CD0F4CE7F}.Debug|x64.Build.0 = Debug|x64
		{564040B1-B350-4AEB-9B6D-641CD0F4CE7F}.Debug|x86.ActiveCfg = Debug|Win32
		{564040B1-B350-4AEB-9B6D-641CD0F4CE7F}.Debug|x86.Build.0 = Debug|Win32
		{564040B1-B350-4AEB-9B6D-641CD0F4CE7F}.Release|x64.ActiveCfg = Release|x64
		{564040B1-B350-4AEB-9B6D-641CD0F4CE7F}.Release|x64.Build.0 = Release|x64
		{564040B1-B350-4AEB-9B6D-641CD0F4CE7F}.Release|x86.ActiveCfg = Release|Win32
		{564040B1-B350-4AEB-9B6D-641CD0F4CE7F}.Release|x86.Build.0 = Release|Win32
		{BBA061B4-A610-4FBD-99E3-04B341DABF70}.Debug|x64.ActiveCfg = Debug|x64
		{BBA061B4-A610-4FBD-99E3-04B341DABF70}.Debug|x64.Build.0 = Debug|x64
		{BBA061B4-A610-4FBD-99E3-04B341DABF70}.Debug|x86.ActiveCfg = Debug|Win32
		{BBA061B4-A610-4FBD-99E3-04B341DABF70}.Debug|x86.Build.0 = Debug|Win32
		{BBA061B4-A610-4FBD-99E3-04B341DABF70}.Release|x64.ActiveCfg = Release|x64
		{BBA061B4-A610-4FBD-99E3-04B341DABF70}.Release|x64.Build.0 = Release|x64
		{BBA061B4-A610-4FBD-99E3-04B341DABF70}.Release|x86.ActiveCfg = Release|Win32
		{BBA061B4-A610-4FBD-99E3-04B341DABF70}.Release|x86.Build.0 = Release|Win32
		{20ED87E5-D473-4854-92C2-CDDAE78DD2EB}.Debug|x64.ActiveCfg = Debug|x64
		{20ED87E5-D473-4854-92C2-CDDAE78DD2EB}.Debug|x64.Build.0 = Debug|x64
		{20ED87E5-D473-4854-92C2-CDDAE78DD2EB}.Debug|x86.ActiveCfg = Debug|Win32
		{20ED87E5-D473-4854-92C2-CDDAE78DD2EB}.Debug|x86.Build.0 = Debug|Win32
		{20ED87E5-D473-4854-92C2-CDDAE78DD2EB}.Release|x64.ActiveCfg = Release|x64
		{20ED87E5-D473-4854-92C2-CDDAE78DD2EB}.Release|x64.Build.0 = Release|x64
		{20ED87E5-D473-4854-92C2-CDDAE78DD2EB}.Release|x86.ActiveCfg = Release|Win32
		{20ED87E5-D473-4854-92C2-CDDAE78DD2EB}.Release|x86.Build.0 = Release|Win32
		{E6F2215E-3FA5-4E0F-AAEB-ED1AF4A9FDAA}.Debug|x64.ActiveCfg = Debug|x64
		{E6F2215E-3FA5-4E0F-AAEB-ED1AF4A9FDAA}.Debug|x64.Build.0 = Debug|x64
		{E6F2215E-3FA5-4E0F-AAEB-ED1AF4A9FDAA}.Debug|x86.ActiveCfg = Debug|Win32
		{E6F2215E-3FA5-4E0F-AAEB-ED1AF4A9FDAA}.Debug|x86.Build.0 = Debug|Win32
		{E6F2215E-3FA5-4E0F-AAEB-ED1AF4A9FDAA}.Release|x64.ActiveCfg = Release|x64
		{E6F2215E-3FA5-4E0F-AAEB-ED1AF4A9FDAA}.Release|x64.Build.0 = Release|x64
		{E6F2215E-3FA5-4E0F-AAEB-ED1AF4A9FDAA}.Release|x86.ActiveCfg = Release|Win32
		{E6F2215E-3FA5-4E0F-AAEB-ED1AF4A9FDAA}.Release|x86.Build.0 = Release|Win32
		{981E9896-D1BA-42BA-947D-29636AAC363F}.Debug|x64.ActiveCfg = Debug|x64
		{981E9896-D1BA-42BA-947D-29636AAC363F}.Debug|x64.Build.0 = Debug|x64
		{981E9896-D1BA-42BA-947D-29636AAC363F}.Debug|x86.ActiveCfg = Debug|Win32
		{981E9896-D1BA-42BA-947D-29636AAC363F}.Debug|x86.Build.0 = Debug|Win32
		{981E9896-D1BA-42BA-947D-29636AAC363F}.Release|x64.ActiveCfg = Release|x64
		{981E9896-D1BA-42BA-947D-29636AAC363F}.Release|x64.Build.0 = Release|x64
		{981E9896-D1BA-42BA-947D-29636AAC363F}.Release|x86.ActiveCfg = Release|Win32
		{981E9896-D1BA-42BA-947D-29636AAC363F}.Release|x86.Build.0 = Release|Win32
		{14A40631-24B6-4F43-9701-EEB5D7EAA4E0}.Debug|x64.ActiveCfg = Debug|x64
		{14A40631-24B6-4F43-9701-EEB5D7EAA4E0}.Debug|x64.Build.0 = Debug|x64
		{14A40631-24B6-4F43-9701-EEB5D7EAA4E0}.Debug|x86.ActiveCfg = Debug|Win32
		{14A40631-24B6-4F43-9701-EEB5D7EAA4E0}.Debug|x86.Build.0 = Debug|Win32
		{14A40631-24B6-4F43-9701-EEB5D7EAA4E0}.Release|x64.ActiveCfg = Release|x64
		{14A40631-24B6-4F43-9701-EEB5D7EAA4E0}.Release|x64.Build.0 = Release|x64
		{14A40631-24B6-4F43-9701-EEB5D7EAA4E0}.Release|x86.ActiveCfg = Release|Win32
		{14A40631-24B6-4F43-9701-EEB5D7EAA4E0}.Release|x86.Build.0 = Release|Win32
		{CEDDA8CB-F22F-46F0-8BCA-5635313E22E2}.Debug|x64.ActiveCfg = Debug|x64
		{CEDDA8CB-F22F-46F0-8BCA-5635313E22E2}.Debug|x64.Build.0 = Debug|x64
		{CEDDA8CB-F22F-46F0-8BCA-5635313E22E2}.Debug|x86.ActiveCfg = Debug|Win32
		{CEDDA8CB-F22F-46F0-8BCA-5635313E22E2}.Debug|x86.Build.0 = Debug|Win32
		{CEDDA8CB-F22F-46F0-8BCA-5635313E22E2}.Release|x64.ActiveCfg = Release|x64
		{CEDDA8CB-F22F-46F0-8BCA-5635313E22E2}.Release|x64.Build.0 = Release|x64
		{CEDDA8CB-F22F-46F0-8BCA-5635313E22E2}.Release|x86.ActiveCfg = Release|Win32
		{CEDDA8CB-F22F-46F0-8BCA-5635313E22E2}.Release|x86.Build.0 = Release|Win32
		{465CB5B5-2BA8-4B9A-BFDB-E62EF79C4D01}.Debug|x64.ActiveCfg = Debug|x64
		{465CB5B5-2BA8-4B9A-BFDB-E62EF79C4D01}.Debug|x64.Build.0 = Debug|x64
		{465CB5B5-2BA8-4B9A-BFDB-E62EF79C4D01}.Debug|x86.ActiveCfg = Debug|Win32
		{465CB5B5-2BA8-4B9A-BFDB-E62EF79C4D01}.Debug|x86.Build.0 = Debug|Win32
		{465CB5B5-2BA8-4B9A-BFDB-E62EF79C4D01}.Release|x64.ActiveCfg = Release|x64
		{465CB5B5-2BA8-4B9A-BFDB-E62EF79C4D01}.Release|x64.Build.0 = Release|x64
		{465CB5B5-2BA8-4B9A-BFDB-E62EF79C4D01}.Release|x86.ActiveCfg = Release|Win32
		{465CB5B5-2BA8-4B9A-BFDB-E62EF79C4D01}.Release|x86.Build.0 = Release|Win32
		{52887FF6-7EF3-4796-973B-207FE5E036ED}.Debug|x64.ActiveCfg = Debug|x64
		{52887FF6-7EF3-4796-973B-207FE5E036ED}.Debug|x64.Build.0 = Debug|x64
		{52887FF6-7EF3-4796-973B-207FE5E036ED}.Debug|x86.ActiveCfg = Debug|Win32
		{52887FF6-7EF3-4796-973B-207FE5E036ED}.Debug|x86.Build.0 = Debug|Win32
		{52887FF6-7EF3-4796-973B-207FE5E036ED}.Release|x64.ActiveCfg = Release|x64
		{52887FF6-7EF3-4796-973B-207FE5E036ED}.Release|x64.Build.0 = Release|x64
		{52887FF6-7EF3-4796-973B-207FE5E036ED}.Release|x86.ActiveCfg = Release|Win32
		{52887FF6-7EF3-4796-973B-207FE5E036ED}.Release|x86.Build.0 = Release|Win32
		{E6C82B5A-79C3-4A55-8EA2-38893729A766}.Debug|x64.ActiveCfg = Debug|x64
		{E6C82B5A-79C3-4A55-8EA2-38893729A766}.Debug|x64.Build.0 = Debug|x64
		{E6C82B5A-79C3-4A55-8EA2-38893729A766}.Debug|x86.ActiveCfg = Debug|Win32
		{E6C82B5A-79C3-4A55-8EA2-38893729A766}.Debug|x86.Build.0 = Debug|Win32
		{E6C82B5A-79C3-4A55-8EA2-38893729A766}.Release|x64.ActiveCfg = Release|x64
		{E6C82B5A-79C3-4A55-8EA2-38893729A766}.Release|x64.Build.0 = Release|x64
		{E6C82B5A-79C3-4A55-8EA2-38893729A766}.Release|x86.ActiveCfg = Release|Win32
		{E6C82B5A-79C3-4A55-8EA2-38893729A766}.Release|x86.Build.0 = Release|Win32
		{5BB9A0E0-8929-48B3-AC91-DB608B212F58}.Debug|x64.ActiveCfg = Debug|x64
		{5BB9A0E0-8929-48B3-AC91-DB608B212F58}.Debug|x64.Build.0 = Debug|x64
		{5BB9A0E0-8929-48B3-AC91-DB608B212F58}.Debug|x86.ActiveCfg = Debug|Win32
		{5BB9A0E0-8929-48B3-AC91-DB608B212F58}.Debug|x86.Build.0 = Debug|Win32
		{5BB9A0E0-8929-48B3-AC91-DB608B212F58}.Release|x64.ActiveCfg = Release|x64
		{5BB9A0E0-8929-48B3-AC91-DB608B212F58}.Release|x64.Build.0 = Release|x64
		{5BB9A0E0-8929-48B3-AC91-DB608B212F58}.Release|x86.ActiveCfg = Release|Win32
		{5BB9A0E0-8929-48B3-AC91-DB608B212F58}.Release|x86.Build.0 = Release|Win32
		{84140CCF-2C6A-4264-95A4-E86F65ABF955}.Debug|x64.ActiveCfg = Debug|x64
		{84140CCF-2C6A-4264-95A4-E86F65ABF955}.Debug|x64.Build.0 = Debug|x64
		{84140CCF-2C6A-4264-95A4-E86F65ABF955}.Debug|x86.ActiveCfg = Debug|Win32
		{84140CCF-2C6A-4264-95A4-E86F65ABF955}.Debug|x86.Build.0 = Debug|Win32
		{84140CCF-2C6A-4264-95A4-E86F65ABF955}.Release|x64.ActiveCfg = Release|x64
		{84140CCF-2C6A-4264-95A4-E86F65ABF955}.Release|x64.Build.0 = Release|x64
		{84140CCF-2C6A-4264-95A4-E86F65ABF955}.Release|x86.ActiveCfg = Release|Win32
		{84140CCF-2C6A-4264-95A4-E86F65ABF955}.Release|x86.Build.0 = Release|Win32
	EndGlobalSection
	GlobalSection(SolutionProperties) = preSolution
		HideSolutionNode = FALSE
	EndGlobalSection
	GlobalSection(ExtensibilityGlobals) = postSolution
		SolutionGuid = {37C689DA-1149-4167-B05F-7E41DEC5651C}
	EndGlobalSection
EndGlobal
